
Microsoft Visual Studio Solution File, Format Version 12.00
# Visual Studio Version 17
VisualStudioVersion = 17.10.35122.118
MinimumVisualStudioVersion = 10.0.40219.1
Project("{8BC9CEB8-8B4A-11D0-8D11-00A0C91BC942}") = "ArrayFileIO", "ArrayFileIO\ArrayFileIO.vcxproj", "{A69744A9-ED9E-4E1A-BFC7-BC676740D82A}"
EndProject
Global
	GlobalSection(SolutionConfigurationPlatforms) = preSolution
		Debug|x64 = Debug|x64
		Debug|x86 = Debug|x86
		Release|x64 = Release|x64
		Release|x86 = Release|x86
	EndGlobalSection
	GlobalSection(ProjectConfigurationPlatforms) = postSolution
		{A69744A9-ED9E-4E1A-BFC7-BC676740D82A}.Debug|x64.ActiveCfg = Debug|x64
		{A69744A9-ED9E-4E1A-BFC7-BC676740D82A}.Debug|x64.Build.0 = Debug|x64
		{A69744A9-ED9E-4E1A-BFC7-BC676740D82A}.Debug|x86.ActiveCfg = Debug|Win32
		{A69744A9-ED9E-4E1A-BFC7-BC676740D82A}.Debug|x86.Build.0 = Debug|Win32
		{A69744A9-ED9E-4E1A-BFC7-BC676740D82A}.Release|x64.ActiveCfg = Release|x64
		{A69744A9-ED9E-4E1A-BFC7-BC676740D82A}.Release|x64.Build.0 = Release|x64
		{A69744A9-ED9E-4E1A-BFC7-BC676740D82A}.Release|x86.ActiveCfg = Release|Win32
		{A69744A9-ED9E-4E1A-BFC7-BC676740D82A}.Release|x86.Build.0 = Release|Win32
	EndGlobalSection
	GlobalSection(SolutionProperties) = preSolution
		HideSolutionNode = FALSE
	EndGlobalSection
	GlobalSection(ExtensibilityGlobals) = postSolution
		SolutionGuid = {A70A0B55-8DEC-46B5-AF40-1D777BF9DFE2}
	EndGlobalSection
EndGlobal
