
Microsoft Visual Studio Solution File, Format Version 12.00
# Visual Studio Version 17
VisualStudioVersion = 17.10.35122.118
MinimumVisualStudioVersion = 10.0.40219.1
Project("{8BC9CEB8-8B4A-11D0-8D11-00A0C91BC942}") = "FindMaxWithReference", "FindMaxWithReference\FindMaxWithReference.vcxproj", "{5126321C-9FCC-45E0-B2DB-91C98AD37FE3}"
EndProject
Global
	GlobalSection(SolutionConfigurationPlatforms) = preSolution
		Debug|x64 = Debug|x64
		Debug|x86 = Debug|x86
		Release|x64 = Release|x64
		Release|x86 = Release|x86
	EndGlobalSection
	GlobalSection(ProjectConfigurationPlatforms) = postSolution
		{5126321C-9FCC-45E0-B2DB-91C98AD37FE3}.Debug|x64.ActiveCfg = Debug|x64
		{5126321C-9FCC-45E0-B2DB-91C98AD37FE3}.Debug|x64.Build.0 = Debug|x64
		{5126321C-9FCC-45E0-B2DB-91C98AD37FE3}.Debug|x86.ActiveCfg = Debug|Win32
		{5126321C-9FCC-45E0-B2DB-91C98AD37FE3}.Debug|x86.Build.0 = Debug|Win32
		{5126321C-9FCC-45E0-B2DB-91C98AD37FE3}.Release|x64.ActiveCfg = Release|x64
		{5126321C-9FCC-45E0-B2DB-91C98AD37FE3}.Release|x64.Build.0 = Release|x64
		{5126321C-9FCC-45E0-B2DB-91C98AD37FE3}.Release|x86.ActiveCfg = Release|Win32
		{5126321C-9FCC-45E0-B2DB-91C98AD37FE3}.Release|x86.Build.0 = Release|Win32
	EndGlobalSection
	GlobalSection(SolutionProperties) = preSolution
		HideSolutionNode = FALSE
	EndGlobalSection
	GlobalSection(ExtensibilityGlobals) = postSolution
		SolutionGuid = {5CB0BBFF-1495-4729-8AA1-C93BFDA8393A}
	EndGlobalSection
EndGlobal
